
Microsoft Visual Studio Solution File, Format Version 12.00
# Visual Studio 15
VisualStudioVersion = 15.0.28010.2046
MinimumVisualStudioVersion = 10.0.40219.1
Project("{8BC9CEB8-8B4A-11D0-8D11-00A0C91BC942}") = "OOP_PR_K1_Bank", "OOP_PR_K1_Bank\OOP_PR_K1_Bank.vcxproj", "{5B0F8CA4-D1B6-4F5B-9BB5-196CFA9B7B8C}"
EndProject
Global
	GlobalSection(SolutionConfigurationPlatforms) = preSolution
		Debug|x64 = Debug|x64
		Debug|x86 = Debug|x86
		Release|x64 = Release|x64
		Release|x86 = Release|x86
	EndGlobalSection
	GlobalSection(ProjectConfigurationPlatforms) = postSolution
		{5B0F8CA4-D1B6-4F5B-9BB5-196CFA9B7B8C}.Debug|x64.ActiveCfg = Debug|x64
		{5B0F8CA4-D1B6-4F5B-9BB5-196CFA9B7B8C}.Debug|x64.Build.0 = Debug|x64
		{5B0F8CA4-D1B6-4F5B-9BB5-196CFA9B7B8C}.Debug|x86.ActiveCfg = Debug|Win32
		{5B0F8CA4-D1B6-4F5B-9BB5-196CFA9B7B8C}.Debug|x86.Build.0 = Debug|Win32
		{5B0F8CA4-D1B6-4F5B-9BB5-196CFA9B7B8C}.Release|x64.ActiveCfg = Release|x64
		{5B0F8CA4-D1B6-4F5B-9BB5-196CFA9B7B8C}.Release|x64.Build.0 = Release|x64
		{5B0F8CA4-D1B6-4F5B-9BB5-196CFA9B7B8C}.Release|x86.ActiveCfg = Release|Win32
		{5B0F8CA4-D1B6-4F5B-9BB5-196CFA9B7B8C}.Release|x86.Build.0 = Release|Win32
	EndGlobalSection
	GlobalSection(SolutionProperties) = preSolution
		HideSolutionNode = FALSE
	EndGlobalSection
	GlobalSection(ExtensibilityGlobals) = postSolution
		SolutionGuid = {E22B93DC-B702-4F77-A448-28EEEA742F46}
	EndGlobalSection
EndGlobal
